{
  "requires": true,
  "lockfileVersion": 1,
  "dependencies": {
    "chart.js": {
      "version": "2.7.2",
      "resolved": "https://registry.npmjs.org/chart.js/-/chart.js-2.7.2.tgz",
      "integrity": "sha512-90wl3V9xRZ8tnMvMlpcW+0Yg13BelsGS9P9t0ClaDxv/hdypHDr/YAGf+728m11P5ljwyB0ZHfPKCapZFqSqYA==",
      "requires": {
        "chartjs-color": "2.2.0",
        "moment": "2.22.1"
      },
      "dependencies": {
        "chartjs-color": {
          "version": "2.2.0",
          "resolved": "https://registry.npmjs.org/chartjs-color/-/chartjs-color-2.2.0.tgz",
          "integrity": "sha1-hKL7dVeH7YXDndbdjHsdiEKbrq4=",
          "requires": {
            "chartjs-color-string": "0.5.0",
            "color-convert": "0.5.3"
          }
        },
        "chartjs-color-string": {
          "version": "0.5.0",
          "resolved": "https://registry.npmjs.org/chartjs-color-string/-/chartjs-color-string-0.5.0.tgz",
          "integrity": "sha512-amWNvCOXlOUYxZVDSa0YOab5K/lmEhbFNKI55PWc4mlv28BDzA7zaoQTGxSBgJMHIW+hGX8YUrvw/FH4LyhwSQ==",
          "requires": {
            "color-name": "1.1.3"
          }
        },
        "color-convert": {
          "version": "0.5.3",
          "resolved": "https://registry.npmjs.org/color-convert/-/color-convert-0.5.3.tgz",
          "integrity": "sha1-vbbGnOZg+t/+CwAHzER+G59ygr0="
        },
        "color-name": {
          "version": "1.1.3",
          "resolved": "https://registry.npmjs.org/color-name/-/color-name-1.1.3.tgz",
          "integrity": "sha1-p9BVi9icQveV3UIyj3QIMcpTvCU="
        },
        "moment": {
          "version": "2.22.1",
          "resolved": "https://registry.npmjs.org/moment/-/moment-2.22.1.tgz",
          "integrity": "sha512-shJkRTSebXvsVqk56I+lkb2latjBs8I+pc2TzWc545y2iFnSjm7Wg0QMh+ZWcdSLQyGEau5jI8ocnmkyTgr9YQ=="
        }
      }
    },
    "chartjs-node": {
      "version": "1.7.1",
      "resolved": "https://registry.npmjs.org/chartjs-node/-/chartjs-node-1.7.1.tgz",
      "integrity": "sha512-sbFUoxid/3UmoY2/B25MRfQ0Nf/rC9NrRh9+865h3+17srpAiqC1JrDVMR3WnyQofBJmU/9OiDNNPayyzZxFcQ==",
      "requires": {
        "bluebird": "3.5.1",
        "canvas": "1.6.11",
        "debug": "2.6.9",
        "jsdom": "9.8.3",
        "stream-buffers": "3.0.2"
      },
      "dependencies": {
        "abab": {
          "version": "1.0.4",
          "resolved": "https://registry.npmjs.org/abab/-/abab-1.0.4.tgz",
          "integrity": "sha1-X6rZwsB/YN12dw9xzwJbYqY8/U4="
        },
        "acorn": {
          "version": "2.7.0",
          "resolved": "https://registry.npmjs.org/acorn/-/acorn-2.7.0.tgz",
          "integrity": "sha1-q259nYhqrKiwhbwzEreaGYQz8Oc="
        },
        "acorn-globals": {
          "version": "1.0.9",
          "resolved": "https://registry.npmjs.org/acorn-globals/-/acorn-globals-1.0.9.tgz",
          "integrity": "sha1-VbtemGkVB7dFedBRNBMhfDgMVM8=",
          "requires": {
            "acorn": "2.7.0"
          }
        },
        "array-equal": {
          "version": "1.0.0",
          "resolved": "https://registry.npmjs.org/array-equal/-/array-equal-1.0.0.tgz",
          "integrity": "sha1-jCpe8kcv2ep0KwTHenUJO6J1fJM="
        },
        "bluebird": {
          "version": "3.5.1",
          "resolved": "https://registry.npmjs.org/bluebird/-/bluebird-3.5.1.tgz",
          "integrity": "sha512-MKiLiV+I1AA596t9w1sQJ8jkiSr5+ZKi0WKrYGUn6d1Fx+Ij4tIj+m2WMQSGczs5jZVxV339chE8iwk6F64wjA=="
        },
        "canvas": {
          "version": "1.6.11",
          "resolved": "https://registry.npmjs.org/canvas/-/canvas-1.6.11.tgz",
          "integrity": "sha512-ElVw5Uk8PReGpzXfDg6PDa+wntnZLGWWfdSHI0Pc8GyXiFbW13drSTzWU6C4E5QylHe+FnLqI7ngMRlp3eGZIQ==",
          "requires": {
            "nan": "2.10.0"
          }
        },
        "content-type-parser": {
          "version": "1.0.2",
          "resolved": "https://registry.npmjs.org/content-type-parser/-/content-type-parser-1.0.2.tgz",
          "integrity": "sha512-lM4l4CnMEwOLHAHr/P6MEZwZFPJFtAAKgL6pogbXmVZggIqXhdB6RbBtPOTsw2FcXwYhehRGERJmRrjOiIB8pQ=="
        },
        "cssom": {
          "version": "0.3.2",
          "resolved": "https://registry.npmjs.org/cssom/-/cssom-0.3.2.tgz",
          "integrity": "sha1-uANhcMefB6kP8vFuIihAJ6JDhIs="
        },
        "cssstyle": {
          "version": "0.2.37",
          "resolved": "https://registry.npmjs.org/cssstyle/-/cssstyle-0.2.37.tgz",
          "integrity": "sha1-VBCXI0yyUTyDzu06zdwn/yeYfVQ=",
          "requires": {
            "cssom": "0.3.2"
          }
        },
        "debug": {
          "version": "2.6.9",
          "resolved": "https://registry.npmjs.org/debug/-/debug-2.6.9.tgz",
          "integrity": "sha512-bC7ElrdJaJnPbAP+1EotYvqZsb3ecl5wi6Bfi6BJTUcNowp6cvspg0jXznRTKDjm/E7AdgFBVeAPVMNcKGsHMA==",
          "requires": {
            "ms": "2.0.0"
          }
        },
        "deep-is": {
          "version": "0.1.3",
          "resolved": "https://registry.npmjs.org/deep-is/-/deep-is-0.1.3.tgz",
          "integrity": "sha1-s2nW+128E+7PUk+RsHD+7cNXzzQ="
        },
        "escodegen": {
          "version": "1.9.1",
          "resolved": "https://registry.npmjs.org/escodegen/-/escodegen-1.9.1.tgz",
          "integrity": "sha512-6hTjO1NAWkHnDk3OqQ4YrCuwwmGHL9S3nPlzBOUG/R44rda3wLNrfvQ5fkSGjyhHFKM7ALPKcKGrwvCLe0lC7Q==",
          "requires": {
            "esprima": "3.1.3",
            "estraverse": "4.2.0",
            "esutils": "2.0.2",
            "optionator": "0.8.2",
            "source-map": "0.6.1"
          }
        },
        "esprima": {
          "version": "3.1.3",
          "resolved": "https://registry.npmjs.org/esprima/-/esprima-3.1.3.tgz",
          "integrity": "sha1-/cpRzuYTOJXjyI1TXOSdv/YqRjM="
        },
        "estraverse": {
          "version": "4.2.0",
          "resolved": "https://registry.npmjs.org/estraverse/-/estraverse-4.2.0.tgz",
          "integrity": "sha1-De4/7TH81GlhjOc0IJn8GvoL2xM="
        },
        "esutils": {
          "version": "2.0.2",
          "resolved": "https://registry.npmjs.org/esutils/-/esutils-2.0.2.tgz",
          "integrity": "sha1-Cr9PHKpbyx96nYrMbepPqqBLrJs="
        },
        "fast-levenshtein": {
          "version": "2.0.6",
          "resolved": "https://registry.npmjs.org/fast-levenshtein/-/fast-levenshtein-2.0.6.tgz",
          "integrity": "sha1-PYpcZog6FqMMqGQ+hR8Zuqd5eRc="
        },
        "html-encoding-sniffer": {
          "version": "1.0.2",
          "resolved": "https://registry.npmjs.org/html-encoding-sniffer/-/html-encoding-sniffer-1.0.2.tgz",
          "integrity": "sha512-71lZziiDnsuabfdYiUeWdCVyKuqwWi23L8YeIgV9jSSZHCtb6wB1BKWooH7L3tn4/FuZJMVWyNaIDr4RGmaSYw==",
          "requires": {
            "whatwg-encoding": "1.0.3"
          }
        },
        "iconv-lite": {
          "version": "0.4.23",
          "resolved": "https://registry.npmjs.org/iconv-lite/-/iconv-lite-0.4.23.tgz",
          "integrity": "sha512-neyTUVFtahjf0mB3dZT77u+8O0QB89jFdnBkd5P1JgYPbPaia3gXXOVL2fq8VyU2gMMD7SaN7QukTB/pmXYvDA==",
          "requires": {
            "safer-buffer": "2.1.2"
          }
        },
        "jsdom": {
          "version": "9.8.3",
          "resolved": "https://registry.npmjs.org/jsdom/-/jsdom-9.8.3.tgz",
          "integrity": "sha1-/eKcEJwyoRMeC2xlkU5kGY+Xw3A=",
          "requires": {
            "abab": "1.0.4",
            "acorn": "2.7.0",
            "acorn-globals": "1.0.9",
            "array-equal": "1.0.0",
            "content-type-parser": "1.0.2",
            "cssom": "0.3.2",
            "cssstyle": "0.2.37",
            "escodegen": "1.9.1",
            "html-encoding-sniffer": "1.0.2",
            "iconv-lite": "0.4.23",
            "nwmatcher": "1.4.4",
            "parse5": "1.5.1",
            "request": "2.87.0",
            "sax": "1.2.4",
            "symbol-tree": "3.2.2",
            "tough-cookie": "2.3.4",
            "webidl-conversions": "3.0.1",
            "whatwg-encoding": "1.0.3",
            "whatwg-url": "3.1.0",
            "xml-name-validator": "2.0.1"
          }
        },
        "levn": {
          "version": "0.3.0",
          "resolved": "https://registry.npmjs.org/levn/-/levn-0.3.0.tgz",
          "integrity": "sha1-OwmSTt+fCDwEkP3UwLxEIeBHZO4=",
          "requires": {
            "prelude-ls": "1.1.2",
            "type-check": "0.3.2"
          }
        },
        "ms": {
          "version": "2.0.0",
          "resolved": "https://registry.npmjs.org/ms/-/ms-2.0.0.tgz",
          "integrity": "sha1-VgiurfwAvmwpAd9fmGF4jeDVl8g="
        },
        "nan": {
          "version": "2.10.0",
          "resolved": "https://registry.npmjs.org/nan/-/nan-2.10.0.tgz",
          "integrity": "sha512-bAdJv7fBLhWC+/Bls0Oza+mvTaNQtP+1RyhhhvD95pgUJz6XM5IzgmxOkItJ9tkoCiplvAnXI1tNmmUD/eScyA=="
        },
        "nwmatcher": {
          "version": "1.4.4",
          "resolved": "https://registry.npmjs.org/nwmatcher/-/nwmatcher-1.4.4.tgz",
          "integrity": "sha512-3iuY4N5dhgMpCUrOVnuAdGrgxVqV2cJpM+XNccjR2DKOB1RUP0aA+wGXEiNziG/UKboFyGBIoKOaNlJxx8bciQ=="
        },
        "optionator": {
          "version": "0.8.2",
          "resolved": "https://registry.npmjs.org/optionator/-/optionator-0.8.2.tgz",
          "integrity": "sha1-NkxeQJ0/TWMB1sC0wFu6UBgK62Q=",
          "requires": {
            "deep-is": "0.1.3",
            "fast-levenshtein": "2.0.6",
            "levn": "0.3.0",
            "prelude-ls": "1.1.2",
            "type-check": "0.3.2",
            "wordwrap": "1.0.0"
          }
        },
        "parse5": {
          "version": "1.5.1",
          "resolved": "https://registry.npmjs.org/parse5/-/parse5-1.5.1.tgz",
          "integrity": "sha1-m387DeMr543CQBsXVzzK8Pb1nZQ="
        },
        "prelude-ls": {
          "version": "1.1.2",
          "resolved": "https://registry.npmjs.org/prelude-ls/-/prelude-ls-1.1.2.tgz",
          "integrity": "sha1-IZMqVJ9eUv/ZqCf1cOBL5iqX2lQ="
        },
        "punycode": {
          "version": "1.4.1",
          "resolved": "https://registry.npmjs.org/punycode/-/punycode-1.4.1.tgz",
          "integrity": "sha1-wNWmOycYgArY4esPpSachN1BhF4="
        },
        "sax": {
          "version": "1.2.4",
          "resolved": "https://registry.npmjs.org/sax/-/sax-1.2.4.tgz",
          "integrity": "sha512-NqVDv9TpANUjFm0N8uM5GxL36UgKi9/atZw+x7YFnQ8ckwFGKrl4xX4yWtrey3UJm5nP1kUbnYgLopqWNSRhWw=="
        },
        "source-map": {
          "version": "0.6.1",
          "resolved": "https://registry.npmjs.org/source-map/-/source-map-0.6.1.tgz",
          "integrity": "sha512-UjgapumWlbMhkBgzT7Ykc5YXUT46F0iKu8SGXq0bcwP5dz/h0Plj6enJqjz1Zbq2l5WaqYnrVbwWOWMyF3F47g==",
          "optional": true
        },
        "stream-buffers": {
          "version": "3.0.2",
          "resolved": "https://registry.npmjs.org/stream-buffers/-/stream-buffers-3.0.2.tgz",
          "integrity": "sha512-DQi1h8VEBA/lURbSwFtEHnSTb9s2/pwLEaFuNhXwy1Dx3Sa0lOuYT2yNUr4/j2fs8oCAMANtrZ5OrPZtyVs3MQ=="
        },
        "symbol-tree": {
          "version": "3.2.2",
          "resolved": "https://registry.npmjs.org/symbol-tree/-/symbol-tree-3.2.2.tgz",
          "integrity": "sha1-rifbOPZgp64uHDt9G8KQgZuFGeY="
        },
        "tough-cookie": {
          "version": "2.3.4",
          "resolved": "https://registry.npmjs.org/tough-cookie/-/tough-cookie-2.3.4.tgz",
          "integrity": "sha512-TZ6TTfI5NtZnuyy/Kecv+CnoROnyXn2DN97LontgQpCwsX2XyLYCC0ENhYkehSOwAp8rTQKc/NUIF7BkQ5rKLA==",
          "requires": {
            "punycode": "1.4.1"
          }
        },
        "tr46": {
          "version": "0.0.3",
          "resolved": "https://registry.npmjs.org/tr46/-/tr46-0.0.3.tgz",
          "integrity": "sha1-gYT9NH2snNwYWZLzpmIuFLnZq2o="
        },
        "type-check": {
          "version": "0.3.2",
          "resolved": "https://registry.npmjs.org/type-check/-/type-check-0.3.2.tgz",
          "integrity": "sha1-WITKtRLPHTVeP7eE8wgEsrUg23I=",
          "requires": {
            "prelude-ls": "1.1.2"
          }
        },
        "webidl-conversions": {
          "version": "3.0.1",
          "resolved": "https://registry.npmjs.org/webidl-conversions/-/webidl-conversions-3.0.1.tgz",
          "integrity": "sha1-JFNCdeKnvGvnvIZhHMFq4KVlSHE="
        },
        "whatwg-encoding": {
          "version": "1.0.3",
          "resolved": "https://registry.npmjs.org/whatwg-encoding/-/whatwg-encoding-1.0.3.tgz",
          "integrity": "sha512-jLBwwKUhi8WtBfsMQlL4bUUcT8sMkAtQinscJAe/M4KHCkHuUJAF6vuB0tueNIw4c8ziO6AkRmgY+jL3a0iiPw==",
          "requires": {
            "iconv-lite": "0.4.19"
          },
          "dependencies": {
            "iconv-lite": {
              "version": "0.4.19",
              "resolved": "https://registry.npmjs.org/iconv-lite/-/iconv-lite-0.4.19.tgz",
              "integrity": "sha512-oTZqweIP51xaGPI4uPa56/Pri/480R+mo7SeU+YETByQNhDG55ycFyNLIgta9vXhILrxXDmF7ZGhqZIcuN0gJQ=="
            }
          }
        },
        "whatwg-url": {
          "version": "3.1.0",
          "resolved": "https://registry.npmjs.org/whatwg-url/-/whatwg-url-3.1.0.tgz",
          "integrity": "sha1-e9yuSQ+SGu9kUftnOexrvY6Qe/Y=",
          "requires": {
            "tr46": "0.0.3",
            "webidl-conversions": "3.0.1"
          }
        },
        "wordwrap": {
          "version": "1.0.0",
          "resolved": "https://registry.npmjs.org/wordwrap/-/wordwrap-1.0.0.tgz",
          "integrity": "sha1-J1hIEIkUVqQXHI0CJkQa3pDLyus="
        },
        "xml-name-validator": {
          "version": "2.0.1",
          "resolved": "https://registry.npmjs.org/xml-name-validator/-/xml-name-validator-2.0.1.tgz",
          "integrity": "sha1-TYuPHszTQZqjYgYb7O9RXh5VljU="
        }
      }
    },
    "request": {
      "version": "2.87.0",
      "resolved": "https://registry.npmjs.org/request/-/request-2.87.0.tgz",
      "integrity": "sha512-fcogkm7Az5bsS6Sl0sibkbhcKsnyon/jV1kF3ajGmF0c8HrttdKTPRT9hieOaQHA5HEq6r8OyWOo/o781C1tNw==",
      "requires": {
        "aws-sign2": "0.7.0",
        "aws4": "1.7.0",
        "caseless": "0.12.0",
        "combined-stream": "1.0.6",
        "extend": "3.0.1",
        "forever-agent": "0.6.1",
        "form-data": "2.3.2",
        "har-validator": "5.0.3",
        "http-signature": "1.2.0",
        "is-typedarray": "1.0.0",
        "isstream": "0.1.2",
        "json-stringify-safe": "5.0.1",
        "mime-types": "2.1.18",
        "oauth-sign": "0.8.2",
        "performance-now": "2.1.0",
        "qs": "6.5.2",
        "safe-buffer": "5.1.2",
        "tough-cookie": "2.3.4",
        "tunnel-agent": "0.6.0",
        "uuid": "3.2.1"
      },
      "dependencies": {
        "ajv": {
          "version": "5.5.2",
          "resolved": "https://registry.npmjs.org/ajv/-/ajv-5.5.2.tgz",
          "integrity": "sha1-c7Xuyj+rZT49P5Qis0GtQiBdyWU=",
          "requires": {
            "co": "4.6.0",
            "fast-deep-equal": "1.1.0",
            "fast-json-stable-stringify": "2.0.0",
            "json-schema-traverse": "0.3.1"
          }
        },
        "asn1": {
          "version": "0.2.3",
          "resolved": "https://registry.npmjs.org/asn1/-/asn1-0.2.3.tgz",
          "integrity": "sha1-2sh4dxPJlmhJ/IGAd36+nB3fO4Y="
        },
        "assert-plus": {
          "version": "1.0.0",
          "resolved": "https://registry.npmjs.org/assert-plus/-/assert-plus-1.0.0.tgz",
          "integrity": "sha1-8S4PPF13sLHN2RRpQuTpbB5N1SU="
        },
        "asynckit": {
          "version": "0.4.0",
          "resolved": "https://registry.npmjs.org/asynckit/-/asynckit-0.4.0.tgz",
          "integrity": "sha1-x57Zf380y48robyXkLzDZkdLS3k="
        },
        "aws-sign2": {
          "version": "0.7.0",
          "resolved": "https://registry.npmjs.org/aws-sign2/-/aws-sign2-0.7.0.tgz",
          "integrity": "sha1-tG6JCTSpWR8tL2+G1+ap8bP+dqg="
        },
        "aws4": {
          "version": "1.7.0",
          "resolved": "https://registry.npmjs.org/aws4/-/aws4-1.7.0.tgz",
          "integrity": "sha512-32NDda82rhwD9/JBCCkB+MRYDp0oSvlo2IL6rQWA10PQi7tDUM3eqMSltXmY+Oyl/7N3P3qNtAlv7X0d9bI28w=="
        },
        "bcrypt-pbkdf": {
          "version": "1.0.1",
          "resolved": "https://registry.npmjs.org/bcrypt-pbkdf/-/bcrypt-pbkdf-1.0.1.tgz",
          "integrity": "sha1-Y7xdy2EzG5K8Bf1SiVPDNGKgb40=",
          "optional": true,
          "requires": {
            "tweetnacl": "0.14.5"
          }
        },
        "caseless": {
          "version": "0.12.0",
          "resolved": "https://registry.npmjs.org/caseless/-/caseless-0.12.0.tgz",
          "integrity": "sha1-G2gcIf+EAzyCZUMJBolCDRhxUdw="
        },
        "co": {
          "version": "4.6.0",
          "resolved": "https://registry.npmjs.org/co/-/co-4.6.0.tgz",
          "integrity": "sha1-bqa989hTrlTMuOR7+gvz+QMfsYQ="
        },
        "combined-stream": {
          "version": "1.0.6",
          "resolved": "https://registry.npmjs.org/combined-stream/-/combined-stream-1.0.6.tgz",
          "integrity": "sha1-cj599ugBrFYTETp+RFqbactjKBg=",
          "requires": {
            "delayed-stream": "1.0.0"
          }
        },
        "core-util-is": {
          "version": "1.0.2",
          "resolved": "https://registry.npmjs.org/core-util-is/-/core-util-is-1.0.2.tgz",
          "integrity": "sha1-tf1UIgqivFq1eqtxQMlAdUUDwac="
        },
        "dashdash": {
          "version": "1.14.1",
          "resolved": "https://registry.npmjs.org/dashdash/-/dashdash-1.14.1.tgz",
          "integrity": "sha1-hTz6D3y+L+1d4gMmuN1YEDX24vA=",
          "requires": {
            "assert-plus": "1.0.0"
          }
        },
        "delayed-stream": {
          "version": "1.0.0",
          "resolved": "https://registry.npmjs.org/delayed-stream/-/delayed-stream-1.0.0.tgz",
          "integrity": "sha1-3zrhmayt+31ECqrgsp4icrJOxhk="
        },
        "ecc-jsbn": {
          "version": "0.1.1",
          "resolved": "https://registry.npmjs.org/ecc-jsbn/-/ecc-jsbn-0.1.1.tgz",
          "integrity": "sha1-D8c6ntXw1Tw4GTOYUj735UN3dQU=",
          "optional": true,
          "requires": {
            "jsbn": "0.1.1"
          }
        },
        "extend": {
          "version": "3.0.1",
          "resolved": "https://registry.npmjs.org/extend/-/extend-3.0.1.tgz",
          "integrity": "sha1-p1Xqe8Gt/MWjHOfnYtuq3F5jZEQ="
        },
        "extsprintf": {
          "version": "1.3.0",
          "resolved": "https://registry.npmjs.org/extsprintf/-/extsprintf-1.3.0.tgz",
          "integrity": "sha1-lpGEQOMEGnpBT4xS48V06zw+HgU="
        },
        "fast-deep-equal": {
          "version": "1.1.0",
          "resolved": "https://registry.npmjs.org/fast-deep-equal/-/fast-deep-equal-1.1.0.tgz",
          "integrity": "sha1-wFNHeBfIa1HaqFPIHgWbcz0CNhQ="
        },
        "fast-json-stable-stringify": {
          "version": "2.0.0",
          "resolved": "https://registry.npmjs.org/fast-json-stable-stringify/-/fast-json-stable-stringify-2.0.0.tgz",
          "integrity": "sha1-1RQsDK7msRifh9OnYREGT4bIu/I="
        },
        "forever-agent": {
          "version": "0.6.1",
          "resolved": "https://registry.npmjs.org/forever-agent/-/forever-agent-0.6.1.tgz",
          "integrity": "sha1-+8cfDEGt6zf5bFd60e1C2P2sypE="
        },
        "form-data": {
          "version": "2.3.2",
          "resolved": "https://registry.npmjs.org/form-data/-/form-data-2.3.2.tgz",
          "integrity": "sha1-SXBJi+YEwgwAXU9cI67NIda0kJk=",
          "requires": {
            "asynckit": "0.4.0",
            "combined-stream": "1.0.6",
            "mime-types": "2.1.18"
          }
        },
        "getpass": {
          "version": "0.1.7",
          "resolved": "https://registry.npmjs.org/getpass/-/getpass-0.1.7.tgz",
          "integrity": "sha1-Xv+OPmhNVprkyysSgmBOi6YhSfo=",
          "requires": {
            "assert-plus": "1.0.0"
          }
        },
        "har-schema": {
          "version": "2.0.0",
          "resolved": "https://registry.npmjs.org/har-schema/-/har-schema-2.0.0.tgz",
          "integrity": "sha1-qUwiJOvKwEeCoNkDVSHyRzW37JI="
        },
        "har-validator": {
          "version": "5.0.3",
          "resolved": "https://registry.npmjs.org/har-validator/-/har-validator-5.0.3.tgz",
          "integrity": "sha1-ukAsJmGU8VlW7xXg/PJCmT9qff0=",
          "requires": {
            "ajv": "5.5.2",
            "har-schema": "2.0.0"
          }
        },
        "http-signature": {
          "version": "1.2.0",
          "resolved": "https://registry.npmjs.org/http-signature/-/http-signature-1.2.0.tgz",
          "integrity": "sha1-muzZJRFHcvPZW2WmCruPfBj7rOE=",
          "requires": {
            "assert-plus": "1.0.0",
            "jsprim": "1.4.1",
            "sshpk": "1.14.1"
          }
        },
        "is-typedarray": {
          "version": "1.0.0",
          "resolved": "https://registry.npmjs.org/is-typedarray/-/is-typedarray-1.0.0.tgz",
          "integrity": "sha1-5HnICFjfDBsR3dppQPlgEfzaSpo="
        },
        "isstream": {
          "version": "0.1.2",
          "resolved": "https://registry.npmjs.org/isstream/-/isstream-0.1.2.tgz",
          "integrity": "sha1-R+Y/evVa+m+S4VAOaQ64uFKcCZo="
        },
        "jsbn": {
          "version": "0.1.1",
          "resolved": "https://registry.npmjs.org/jsbn/-/jsbn-0.1.1.tgz",
          "integrity": "sha1-peZUwuWi3rXyAdls77yoDA7y9RM=",
          "optional": true
        },
        "json-schema": {
          "version": "0.2.3",
          "resolved": "https://registry.npmjs.org/json-schema/-/json-schema-0.2.3.tgz",
          "integrity": "sha1-tIDIkuWaLwWVTOcnvT8qTogvnhM="
        },
        "json-schema-traverse": {
          "version": "0.3.1",
          "resolved": "https://registry.npmjs.org/json-schema-traverse/-/json-schema-traverse-0.3.1.tgz",
          "integrity": "sha1-NJptRMU6Ud6JtAgFxdXlm0F9M0A="
        },
        "json-stringify-safe": {
          "version": "5.0.1",
          "resolved": "https://registry.npmjs.org/json-stringify-safe/-/json-stringify-safe-5.0.1.tgz",
          "integrity": "sha1-Epai1Y/UXxmg9s4B1lcB4sc1tus="
        },
        "jsprim": {
          "version": "1.4.1",
          "resolved": "https://registry.npmjs.org/jsprim/-/jsprim-1.4.1.tgz",
          "integrity": "sha1-MT5mvB5cwG5Di8G3SZwuXFastqI=",
          "requires": {
            "assert-plus": "1.0.0",
            "extsprintf": "1.3.0",
            "json-schema": "0.2.3",
            "verror": "1.10.0"
          }
        },
        "mime-db": {
          "version": "1.33.0",
          "resolved": "https://registry.npmjs.org/mime-db/-/mime-db-1.33.0.tgz",
          "integrity": "sha512-BHJ/EKruNIqJf/QahvxwQZXKygOQ256myeN/Ew+THcAa5q+PjyTTMMeNQC4DZw5AwfvelsUrA6B67NKMqXDbzQ=="
        },
        "mime-types": {
          "version": "2.1.18",
          "resolved": "https://registry.npmjs.org/mime-types/-/mime-types-2.1.18.tgz",
          "integrity": "sha512-lc/aahn+t4/SWV/qcmumYjymLsWfN3ELhpmVuUFjgsORruuZPVSwAQryq+HHGvO/SI2KVX26bx+En+zhM8g8hQ==",
          "requires": {
            "mime-db": "1.33.0"
          }
        },
        "oauth-sign": {
          "version": "0.8.2",
          "resolved": "https://registry.npmjs.org/oauth-sign/-/oauth-sign-0.8.2.tgz",
          "integrity": "sha1-Rqarfwrq2N6unsBWV4C31O/rnUM="
        },
        "performance-now": {
          "version": "2.1.0",
          "resolved": "https://registry.npmjs.org/performance-now/-/performance-now-2.1.0.tgz",
          "integrity": "sha1-Ywn04OX6kT7BxpMHrjZLSzd8nns="
        },
        "punycode": {
          "version": "1.4.1",
          "resolved": "https://registry.npmjs.org/punycode/-/punycode-1.4.1.tgz",
          "integrity": "sha1-wNWmOycYgArY4esPpSachN1BhF4="
        },
        "qs": {
          "version": "6.5.2",
          "resolved": "https://registry.npmjs.org/qs/-/qs-6.5.2.tgz",
          "integrity": "sha512-N5ZAX4/LxJmF+7wN74pUD6qAh9/wnvdQcjq9TZjevvXzSUo7bfmw91saqMjzGS2xq91/odN2dW/WOl7qQHNDGA=="
        },
        "safe-buffer": {
          "version": "5.1.2",
          "resolved": "https://registry.npmjs.org/safe-buffer/-/safe-buffer-5.1.2.tgz",
          "integrity": "sha512-Gd2UZBJDkXlY7GbJxfsE8/nvKkUEU1G38c1siN6QP6a9PT9MmHB8GnpscSmMJSoF8LOIrt8ud/wPtojys4G6+g=="
        },
        "sshpk": {
          "version": "1.14.1",
          "resolved": "https://registry.npmjs.org/sshpk/-/sshpk-1.14.1.tgz",
          "integrity": "sha1-Ew9Zde3a2WPx1W+SuaxsUfqfg+s=",
          "requires": {
            "asn1": "0.2.3",
            "assert-plus": "1.0.0",
            "bcrypt-pbkdf": "1.0.1",
            "dashdash": "1.14.1",
            "ecc-jsbn": "0.1.1",
            "getpass": "0.1.7",
            "jsbn": "0.1.1",
            "tweetnacl": "0.14.5"
          }
        },
        "tough-cookie": {
          "version": "2.3.4",
          "resolved": "https://registry.npmjs.org/tough-cookie/-/tough-cookie-2.3.4.tgz",
          "integrity": "sha512-TZ6TTfI5NtZnuyy/Kecv+CnoROnyXn2DN97LontgQpCwsX2XyLYCC0ENhYkehSOwAp8rTQKc/NUIF7BkQ5rKLA==",
          "requires": {
            "punycode": "1.4.1"
          }
        },
        "tunnel-agent": {
          "version": "0.6.0",
          "resolved": "https://registry.npmjs.org/tunnel-agent/-/tunnel-agent-0.6.0.tgz",
          "integrity": "sha1-J6XeoGs2sEoKmWZ3SykIaPD8QP0=",
          "requires": {
            "safe-buffer": "5.1.2"
          }
        },
        "tweetnacl": {
          "version": "0.14.5",
          "resolved": "https://registry.npmjs.org/tweetnacl/-/tweetnacl-0.14.5.tgz",
          "integrity": "sha1-WuaBd/GS1EViadEIr6k/+HQ/T2Q=",
          "optional": true
        },
        "uuid": {
          "version": "3.2.1",
          "resolved": "https://registry.npmjs.org/uuid/-/uuid-3.2.1.tgz",
          "integrity": "sha512-jZnMwlb9Iku/O3smGWvZhauCf6cvvpKi4BKRiliS3cxnI+Gz9j5MEpTz2UFuXiKPJocb7gnsLHwiS05ige5BEA=="
        },
        "verror": {
          "version": "1.10.0",
          "resolved": "https://registry.npmjs.org/verror/-/verror-1.10.0.tgz",
          "integrity": "sha1-OhBcoXBTr1XW4nDB+CiGguGNpAA=",
          "requires": {
            "assert-plus": "1.0.0",
            "core-util-is": "1.0.2",
            "extsprintf": "1.3.0"
          }
        }
      }
    },
    "safer-buffer": {
      "version": "2.1.2",
      "resolved": "https://registry.npmjs.org/safer-buffer/-/safer-buffer-2.1.2.tgz",
      "integrity": "sha512-YZo3K82SD7Riyi0E1EQPojLz7kpepnSQI9IyPbHHg1XXXevb5dJI7tpyN2ADxGcQbHG7vcyRHk0cbwqcQriUtg=="
    },
    "steem": {
      "version": "0.7.1",
      "resolved": "https://registry.npmjs.org/steem/-/steem-0.7.1.tgz",
      "integrity": "sha512-bS3i/M7E0X38P3G7cwdVbtF2eCWlq6WLvVnpmVFHYGLovSx4zz2WLwG694qHVDtAZmxQGWuGMSSf/TPqVY/1mg==",
      "requires": {
        "@steemit/rpc-auth": "1.1.1",
        "bigi": "1.4.2",
        "bluebird": "3.5.1",
        "browserify-aes": "1.2.0",
        "bs58": "4.0.1",
        "buffer": "5.1.0",
        "bytebuffer": "5.0.1",
        "create-hash": "1.2.0",
        "create-hmac": "1.1.7",
        "cross-env": "5.1.6",
        "cross-fetch": "1.1.1",
        "debug": "2.6.9",
        "detect-node": "2.0.3",
        "ecurve": "1.0.6",
        "lodash": "4.17.10",
        "secure-random": "1.1.1",
        "ws": "3.3.3"
      },
      "dependencies": {
        "@steemit/libcrypto": {
          "version": "1.0.1",
          "resolved": "https://registry.npmjs.org/@steemit/libcrypto/-/libcrypto-1.0.1.tgz",
          "integrity": "sha512-g2y4OrELuPGLLu3GjVaPbVvY/K+4oPGOrv9ec013o/ZB76R9UQ1ufYD9RM5tKxHXpFhzj2k0JgoKYWkdVheFVA=="
        },
        "@steemit/rpc-auth": {
          "version": "1.1.1",
          "resolved": "https://registry.npmjs.org/@steemit/rpc-auth/-/rpc-auth-1.1.1.tgz",
          "integrity": "sha512-Eb8BW3O1y4+/+Dbf+LqGVmgXYqyfHxP9mBlmzkpjXiIepTpxoK90NIGrneqcnEGq0TR2nSt4BVv9Ur9c+hxoig==",
          "requires": {
            "@steemit/libcrypto": "1.0.1"
          }
        },
        "async-limiter": {
          "version": "1.0.0",
          "resolved": "https://registry.npmjs.org/async-limiter/-/async-limiter-1.0.0.tgz",
          "integrity": "sha512-jp/uFnooOiO+L211eZOoSyzpOITMXx1rBITauYykG3BRYPu8h0UcxsPNB04RR5vo4Tyz3+ay17tR6JVf9qzYWg=="
        },
        "base-x": {
          "version": "3.0.4",
          "resolved": "https://registry.npmjs.org/base-x/-/base-x-3.0.4.tgz",
          "integrity": "sha512-UYOadoSIkEI/VrRGSG6qp93rp2WdokiAiNYDfGW5qURAY8GiAQkvMbwNNSDYiVJopqv4gCna7xqf4rrNGp+5AA==",
          "requires": {
            "safe-buffer": "5.1.2"
          }
        },
        "base64-js": {
          "version": "1.3.0",
          "resolved": "https://registry.npmjs.org/base64-js/-/base64-js-1.3.0.tgz",
          "integrity": "sha512-ccav/yGvoa80BQDljCxsmmQ3Xvx60/UpBIij5QN21W3wBi/hhIC9OoO+KLpu9IJTS9j4DRVJ3aDDF9cMSoa2lw=="
        },
        "bigi": {
          "version": "1.4.2",
          "resolved": "https://registry.npmjs.org/bigi/-/bigi-1.4.2.tgz",
          "integrity": "sha1-nGZalfiLiwj8Bc/XMfVhhZ1yWCU="
        },
        "bluebird": {
          "version": "3.5.1",
          "resolved": "https://registry.npmjs.org/bluebird/-/bluebird-3.5.1.tgz",
          "integrity": "sha512-MKiLiV+I1AA596t9w1sQJ8jkiSr5+ZKi0WKrYGUn6d1Fx+Ij4tIj+m2WMQSGczs5jZVxV339chE8iwk6F64wjA=="
        },
        "browserify-aes": {
          "version": "1.2.0",
          "resolved": "https://registry.npmjs.org/browserify-aes/-/browserify-aes-1.2.0.tgz",
          "integrity": "sha512-+7CHXqGuspUn/Sl5aO7Ea0xWGAtETPXNSAjHo48JfLdPWcMng33Xe4znFvQweqc/uzk5zSOI3H52CYnjCfb5hA==",
          "requires": {
            "buffer-xor": "1.0.3",
            "cipher-base": "1.0.4",
            "create-hash": "1.2.0",
            "evp_bytestokey": "1.0.3",
            "inherits": "2.0.3",
            "safe-buffer": "5.1.2"
          }
        },
        "bs58": {
          "version": "4.0.1",
          "resolved": "https://registry.npmjs.org/bs58/-/bs58-4.0.1.tgz",
          "integrity": "sha1-vhYedsNU9veIrkBx9j806MTwpCo=",
          "requires": {
            "base-x": "3.0.4"
          }
        },
        "buffer": {
          "version": "5.1.0",
          "resolved": "https://registry.npmjs.org/buffer/-/buffer-5.1.0.tgz",
          "integrity": "sha512-YkIRgwsZwJWTnyQrsBTWefizHh+8GYj3kbL1BTiAQ/9pwpino0G7B2gp5tx/FUBqUlvtxV85KNR3mwfAtv15Yw==",
          "requires": {
            "base64-js": "1.3.0",
            "ieee754": "1.1.11"
          }
        },
        "buffer-xor": {
          "version": "1.0.3",
          "resolved": "https://registry.npmjs.org/buffer-xor/-/buffer-xor-1.0.3.tgz",
          "integrity": "sha1-JuYe0UIvtw3ULm42cp7VHYVf6Nk="
        },
        "bytebuffer": {
          "version": "5.0.1",
          "resolved": "https://registry.npmjs.org/bytebuffer/-/bytebuffer-5.0.1.tgz",
          "integrity": "sha1-WC7qSxqHO20CCkjVjfhfC7ps/d0=",
          "requires": {
            "long": "3.2.0"
          }
        },
        "cipher-base": {
          "version": "1.0.4",
          "resolved": "https://registry.npmjs.org/cipher-base/-/cipher-base-1.0.4.tgz",
          "integrity": "sha512-Kkht5ye6ZGmwv40uUDZztayT2ThLQGfnj/T71N/XzeZeo3nf8foyW7zGTsPYkEya3m5f3cAypH+qe7YOrM1U2Q==",
          "requires": {
            "inherits": "2.0.3",
            "safe-buffer": "5.1.2"
          }
        },
        "create-hash": {
          "version": "1.2.0",
          "resolved": "https://registry.npmjs.org/create-hash/-/create-hash-1.2.0.tgz",
          "integrity": "sha512-z00bCGNHDG8mHAkP7CtT1qVu+bFQUPjYq/4Iv3C3kWjTFV10zIjfSoeqXo9Asws8gwSHDGj/hl2u4OGIjapeCg==",
          "requires": {
            "cipher-base": "1.0.4",
            "inherits": "2.0.3",
            "md5.js": "1.3.4",
            "ripemd160": "2.0.2",
            "sha.js": "2.4.11"
          }
        },
        "create-hmac": {
          "version": "1.1.7",
          "resolved": "https://registry.npmjs.org/create-hmac/-/create-hmac-1.1.7.tgz",
          "integrity": "sha512-MJG9liiZ+ogc4TzUwuvbER1JRdgvUFSB5+VR/g5h82fGaIRWMWddtKBHi7/sVhfjQZ6SehlyhvQYrcYkaUIpLg==",
          "requires": {
            "cipher-base": "1.0.4",
            "create-hash": "1.2.0",
            "inherits": "2.0.3",
            "ripemd160": "2.0.2",
            "safe-buffer": "5.1.2",
            "sha.js": "2.4.11"
          }
        },
        "cross-env": {
          "version": "5.1.6",
          "resolved": "https://registry.npmjs.org/cross-env/-/cross-env-5.1.6.tgz",
          "integrity": "sha512-VWTDq+G4v383SzgRS7jsAVWqEWF0aKZpDz1GVjhONvPRgHB1LnxP2sXUVFKbykHkPSnfRKS8YdiDevWFwZmQ9g==",
          "requires": {
            "cross-spawn": "5.1.0",
            "is-windows": "1.0.2"
          }
        },
        "cross-fetch": {
          "version": "1.1.1",
          "resolved": "https://registry.npmjs.org/cross-fetch/-/cross-fetch-1.1.1.tgz",
          "integrity": "sha512-+VJE04+UfxxmBfcnmAu/lKor53RUCx/1ilOti4p+JgrnLQ4AZZIRoe2OEd76VaHyWQmQxqKnV+TaqjHC4r0HWw==",
          "requires": {
            "node-fetch": "1.7.3",
            "whatwg-fetch": "2.0.3"
          }
        },
        "cross-spawn": {
          "version": "5.1.0",
          "resolved": "https://registry.npmjs.org/cross-spawn/-/cross-spawn-5.1.0.tgz",
          "integrity": "sha1-6L0O/uWPz/b4+UUQoKVUu/ojVEk=",
          "requires": {
            "lru-cache": "4.1.3",
            "shebang-command": "1.2.0",
            "which": "1.3.0"
          }
        },
        "debug": {
          "version": "2.6.9",
          "resolved": "https://registry.npmjs.org/debug/-/debug-2.6.9.tgz",
          "integrity": "sha512-bC7ElrdJaJnPbAP+1EotYvqZsb3ecl5wi6Bfi6BJTUcNowp6cvspg0jXznRTKDjm/E7AdgFBVeAPVMNcKGsHMA==",
          "requires": {
            "ms": "2.0.0"
          }
        },
        "detect-node": {
          "version": "2.0.3",
          "resolved": "https://registry.npmjs.org/detect-node/-/detect-node-2.0.3.tgz",
          "integrity": "sha1-ogM8CcyOFY03dI+951B4Mr1s4Sc="
        },
        "ecurve": {
          "version": "1.0.6",
          "resolved": "https://registry.npmjs.org/ecurve/-/ecurve-1.0.6.tgz",
          "integrity": "sha512-/BzEjNfiSuB7jIWKcS/z8FK9jNjmEWvUV2YZ4RLSmcDtP7Lq0m6FvDuSnJpBlDpGRpfRQeTLGLBI8H+kEv0r+w==",
          "requires": {
            "bigi": "1.4.2",
            "safe-buffer": "5.1.2"
          }
        },
        "encoding": {
          "version": "0.1.12",
          "resolved": "https://registry.npmjs.org/encoding/-/encoding-0.1.12.tgz",
          "integrity": "sha1-U4tm8+5izRq1HsMjgp0flIDHS+s=",
          "requires": {
            "iconv-lite": "0.4.23"
          }
        },
        "evp_bytestokey": {
          "version": "1.0.3",
          "resolved": "https://registry.npmjs.org/evp_bytestokey/-/evp_bytestokey-1.0.3.tgz",
          "integrity": "sha512-/f2Go4TognH/KvCISP7OUsHn85hT9nUkxxA9BEWxFn+Oj9o8ZNLm/40hdlgSLyuOimsrTKLUMEorQexp/aPQeA==",
          "requires": {
            "md5.js": "1.3.4",
            "safe-buffer": "5.1.2"
          }
        },
        "hash-base": {
          "version": "3.0.4",
          "resolved": "https://registry.npmjs.org/hash-base/-/hash-base-3.0.4.tgz",
          "integrity": "sha1-X8hoaEfs1zSZQDMZprCj8/auSRg=",
          "requires": {
            "inherits": "2.0.3",
            "safe-buffer": "5.1.2"
          }
        },
        "iconv-lite": {
          "version": "0.4.23",
          "resolved": "https://registry.npmjs.org/iconv-lite/-/iconv-lite-0.4.23.tgz",
          "integrity": "sha512-neyTUVFtahjf0mB3dZT77u+8O0QB89jFdnBkd5P1JgYPbPaia3gXXOVL2fq8VyU2gMMD7SaN7QukTB/pmXYvDA==",
          "requires": {
            "safer-buffer": "2.1.2"
          }
        },
        "ieee754": {
          "version": "1.1.11",
          "resolved": "https://registry.npmjs.org/ieee754/-/ieee754-1.1.11.tgz",
          "integrity": "sha512-VhDzCKN7K8ufStx/CLj5/PDTMgph+qwN5Pkd5i0sGnVwk56zJ0lkT8Qzi1xqWLS0Wp29DgDtNeS7v8/wMoZeHg=="
        },
        "inherits": {
          "version": "2.0.3",
          "resolved": "https://registry.npmjs.org/inherits/-/inherits-2.0.3.tgz",
          "integrity": "sha1-Yzwsg+PaQqUC9SRmAiSA9CCCYd4="
        },
        "is-stream": {
          "version": "1.1.0",
          "resolved": "https://registry.npmjs.org/is-stream/-/is-stream-1.1.0.tgz",
          "integrity": "sha1-EtSj3U5o4Lec6428hBc66A2RykQ="
        },
        "is-windows": {
          "version": "1.0.2",
          "resolved": "https://registry.npmjs.org/is-windows/-/is-windows-1.0.2.tgz",
          "integrity": "sha512-eXK1UInq2bPmjyX6e3VHIzMLobc4J94i4AWn+Hpq3OU5KkrRC96OAcR3PRJ/pGu6m8TRnBHP9dkXQVsT/COVIA=="
        },
        "isexe": {
          "version": "2.0.0",
          "resolved": "https://registry.npmjs.org/isexe/-/isexe-2.0.0.tgz",
          "integrity": "sha1-6PvzdNxVb/iUehDcsFctYz8s+hA="
        },
        "lodash": {
          "version": "4.17.10",
          "resolved": "https://registry.npmjs.org/lodash/-/lodash-4.17.10.tgz",
          "integrity": "sha512-UejweD1pDoXu+AD825lWwp4ZGtSwgnpZxb3JDViD7StjQz+Nb/6l093lx4OQ0foGWNRoc19mWy7BzL+UAK2iVg=="
        },
        "long": {
          "version": "3.2.0",
          "resolved": "https://registry.npmjs.org/long/-/long-3.2.0.tgz",
          "integrity": "sha1-2CG3E4yhy1gcFymQ7xTbIAtcR0s="
        },
        "lru-cache": {
          "version": "4.1.3",
          "resolved": "https://registry.npmjs.org/lru-cache/-/lru-cache-4.1.3.tgz",
          "integrity": "sha512-fFEhvcgzuIoJVUF8fYr5KR0YqxD238zgObTps31YdADwPPAp82a4M8TrckkWyx7ekNlf9aBcVn81cFwwXngrJA==",
          "requires": {
            "pseudomap": "1.0.2",
            "yallist": "2.1.2"
          }
        },
        "md5.js": {
          "version": "1.3.4",
          "resolved": "https://registry.npmjs.org/md5.js/-/md5.js-1.3.4.tgz",
          "integrity": "sha1-6b296UogpawYsENA/Fdk1bCdkB0=",
          "requires": {
            "hash-base": "3.0.4",
            "inherits": "2.0.3"
          }
        },
        "ms": {
          "version": "2.0.0",
          "resolved": "https://registry.npmjs.org/ms/-/ms-2.0.0.tgz",
          "integrity": "sha1-VgiurfwAvmwpAd9fmGF4jeDVl8g="
        },
        "node-fetch": {
          "version": "1.7.3",
          "resolved": "https://registry.npmjs.org/node-fetch/-/node-fetch-1.7.3.tgz",
          "integrity": "sha512-NhZ4CsKx7cYm2vSrBAr2PvFOe6sWDf0UYLRqA6svUYg7+/TSfVAu49jYC4BvQ4Sms9SZgdqGBgroqfDhJdTyKQ==",
          "requires": {
            "encoding": "0.1.12",
            "is-stream": "1.1.0"
          }
        },
        "pseudomap": {
          "version": "1.0.2",
          "resolved": "https://registry.npmjs.org/pseudomap/-/pseudomap-1.0.2.tgz",
          "integrity": "sha1-8FKijacOYYkX7wqKw0wa5aaChrM="
        },
        "ripemd160": {
          "version": "2.0.2",
          "resolved": "https://registry.npmjs.org/ripemd160/-/ripemd160-2.0.2.tgz",
          "integrity": "sha512-ii4iagi25WusVoiC4B4lq7pbXfAp3D9v5CwfkY33vffw2+pkDjY1D8GaN7spsxvCSx8dkPqOZCEZyfxcmJG2IA==",
          "requires": {
            "hash-base": "3.0.4",
            "inherits": "2.0.3"
          }
        },
        "safe-buffer": {
          "version": "5.1.2",
          "resolved": "https://registry.npmjs.org/safe-buffer/-/safe-buffer-5.1.2.tgz",
          "integrity": "sha512-Gd2UZBJDkXlY7GbJxfsE8/nvKkUEU1G38c1siN6QP6a9PT9MmHB8GnpscSmMJSoF8LOIrt8ud/wPtojys4G6+g=="
        },
        "secure-random": {
          "version": "1.1.1",
          "resolved": "https://registry.npmjs.org/secure-random/-/secure-random-1.1.1.tgz",
          "integrity": "sha1-CIDy2MUYX0vLRoQFjINrTdsHFFo="
        },
        "sha.js": {
          "version": "2.4.11",
          "resolved": "https://registry.npmjs.org/sha.js/-/sha.js-2.4.11.tgz",
          "integrity": "sha512-QMEp5B7cftE7APOjk5Y6xgrbWu+WkLVQwk8JNjZ8nKRciZaByEW6MubieAiToS7+dwvrjGhH8jRXz3MVd0AYqQ==",
          "requires": {
            "inherits": "2.0.3",
            "safe-buffer": "5.1.2"
          }
        },
        "shebang-command": {
          "version": "1.2.0",
          "resolved": "https://registry.npmjs.org/shebang-command/-/shebang-command-1.2.0.tgz",
          "integrity": "sha1-RKrGW2lbAzmJaMOfNj/uXer98eo=",
          "requires": {
            "shebang-regex": "1.0.0"
          }
        },
        "shebang-regex": {
          "version": "1.0.0",
          "resolved": "https://registry.npmjs.org/shebang-regex/-/shebang-regex-1.0.0.tgz",
          "integrity": "sha1-2kL0l0DAtC2yypcoVxyxkMmO/qM="
        },
        "ultron": {
          "version": "1.1.1",
          "resolved": "https://registry.npmjs.org/ultron/-/ultron-1.1.1.tgz",
          "integrity": "sha512-UIEXBNeYmKptWH6z8ZnqTeS8fV74zG0/eRU9VGkpzz+LIJNs8W/zM/L+7ctCkRrgbNnnR0xxw4bKOr0cW0N0Og=="
        },
        "whatwg-fetch": {
          "version": "2.0.3",
          "resolved": "https://registry.npmjs.org/whatwg-fetch/-/whatwg-fetch-2.0.3.tgz",
          "integrity": "sha1-nITsLc9oGH/wC8ZOEnS0QhduHIQ="
        },
        "which": {
          "version": "1.3.0",
          "resolved": "https://registry.npmjs.org/which/-/which-1.3.0.tgz",
          "integrity": "sha512-xcJpopdamTuY5duC/KnTTNBraPK54YwpenP4lzxU8H91GudWpFv38u0CKjclE1Wi2EH2EDz5LRcHcKbCIzqGyg==",
          "requires": {
            "isexe": "2.0.0"
          }
        },
        "ws": {
          "version": "3.3.3",
          "resolved": "https://registry.npmjs.org/ws/-/ws-3.3.3.tgz",
          "integrity": "sha512-nnWLa/NwZSt4KQJu51MYlCcSQ5g7INpOrOMt4XV8j4dqTXdmlUmSHQ8/oLC069ckre0fRsgfvsKwbTdtKLCDkA==",
          "requires": {
            "async-limiter": "1.0.0",
            "safe-buffer": "5.1.2",
            "ultron": "1.1.1"
          }
        },
        "yallist": {
          "version": "2.1.2",
          "resolved": "https://registry.npmjs.org/yallist/-/yallist-2.1.2.tgz",
          "integrity": "sha1-HBH5IY8HYImkfdUS+TxmmaaoHVI="
        }
      }
    }
  }
}
